
Microsoft Visual Studio Solution File, Format Version 12.00
# Visual Studio Version 16
VisualStudioVersion = 16.0.30611.23
MinimumVisualStudioVersion = 10.0.40219.1
Project("{FAE04EC0-301F-11D3-BF4B-00C04F79EFBC}") = "AlgorandWebApplicationDemo", "AlgorandWebApplicationDemo\AlgorandWebApplicationDemo.csproj", "{3AD6DC81-A777-4AD9-AB26-24061E5C83C5}"
EndProject
Global
	GlobalSection(SolutionConfigurationPlatforms) = preSolution
		Debug|Any CPU = Debug|Any CPU
		Release|Any CPU = Release|Any CPU
	EndGlobalSection
	GlobalSection(ProjectConfigurationPlatforms) = postSolution
		{3AD6DC81-A777-4AD9-AB26-24061E5C83C5}.Debug|Any CPU.ActiveCfg = Debug|Any CPU
		{3AD6DC81-A777-4AD9-AB26-24061E5C83C5}.Debug|Any CPU.Build.0 = Debug|Any CPU
		{3AD6DC81-A777-4AD9-AB26-24061E5C83C5}.Release|Any CPU.ActiveCfg = Release|Any CPU
		{3AD6DC81-A777-4AD9-AB26-24061E5C83C5}.Release|Any CPU.Build.0 = Release|Any CPU
	EndGlobalSection
	GlobalSection(SolutionProperties) = preSolution
		HideSolutionNode = FALSE
	EndGlobalSection
	GlobalSection(ExtensibilityGlobals) = postSolution
		SolutionGuid = {D129956A-EEF8-4675-B865-6463534DF50A}
	EndGlobalSection
EndGlobal
